# This file is automatically @generated by Cargo.
# It is not intended for manual editing.
version = 4

[[package]]
name = "jolokia"
version = "0.1.0"
dependencies = [
 "lessify",
]

[[package]]
name = "lessify"
version = "0.4.0"
source = "registry+https://github.com/rust-lang/crates.io-index"
checksum = "89e0f6ba27dc2612e7309ca5911aed706dca0afe47f14a4da6ed2c35bf161df0"
